
Microsoft Visual Studio Solution File, Format Version 12.00
# Visual Studio Version 17
VisualStudioVersion = 17.4.33205.214
MinimumVisualStudioVersion = 10.0.40219.1
Project("{FAE04EC0-301F-11D3-BF4B-00C04F79EFBC}") = "Todo_app.Android", "Todo_app.Android\Todo_app.Android.csproj", "{50D14ED8-76B0-46B9-AD61-23480A7DB14B}"
EndProject
Project("{FAE04EC0-301F-11D3-BF4B-00C04F79EFBC}") = "Todo_app", "Todo_app\Todo_app.csproj", "{9B82D633-C3D8-48F5-9A35-A97BDFA2D985}"
EndProject
Global
	GlobalSection(SolutionConfigurationPlatforms) = preSolution
		Debug|Any CPU = Debug|Any CPU
		Release|Any CPU = Release|Any CPU
	EndGlobalSection
	GlobalSection(ProjectConfigurationPlatforms) = postSolution
		{50D14ED8-76B0-46B9-AD61-23480A7DB14B}.Debug|Any CPU.ActiveCfg = Debug|Any CPU
		{50D14ED8-76B0-46B9-AD61-23480A7DB14B}.Debug|Any CPU.Build.0 = Debug|Any CPU
		{50D14ED8-76B0-46B9-AD61-23480A7DB14B}.Debug|Any CPU.Deploy.0 = Debug|Any CPU
		{50D14ED8-76B0-46B9-AD61-23480A7DB14B}.Release|Any CPU.ActiveCfg = Release|Any CPU
		{50D14ED8-76B0-46B9-AD61-23480A7DB14B}.Release|Any CPU.Build.0 = Release|Any CPU
		{50D14ED8-76B0-46B9-AD61-23480A7DB14B}.Release|Any CPU.Deploy.0 = Release|Any CPU
		{9B82D633-C3D8-48F5-9A35-A97BDFA2D985}.Debug|Any CPU.ActiveCfg = Debug|Any CPU
		{9B82D633-C3D8-48F5-9A35-A97BDFA2D985}.Debug|Any CPU.Build.0 = Debug|Any CPU
		{9B82D633-C3D8-48F5-9A35-A97BDFA2D985}.Debug|Any CPU.Deploy.0 = Debug|Any CPU
		{9B82D633-C3D8-48F5-9A35-A97BDFA2D985}.Release|Any CPU.ActiveCfg = Release|Any CPU
		{9B82D633-C3D8-48F5-9A35-A97BDFA2D985}.Release|Any CPU.Build.0 = Release|Any CPU
		{9B82D633-C3D8-48F5-9A35-A97BDFA2D985}.Release|Any CPU.Deploy.0 = Release|Any CPU
	EndGlobalSection
	GlobalSection(SolutionProperties) = preSolution
		HideSolutionNode = FALSE
	EndGlobalSection
	GlobalSection(ExtensibilityGlobals) = postSolution
		SolutionGuid = {279484AD-50DD-4895-922A-B36EF61BD8A9}
	EndGlobalSection
EndGlobal
